
Microsoft Visual Studio Solution File, Format Version 12.00
# Visual Studio Version 17
VisualStudioVersion = 17.5.002.0
MinimumVisualStudioVersion = 10.0.40219.1
Project("{9A19103F-16F7-4668-BE54-9A1E7A4F7556}") = "c#", "c#.csproj", "{A0E91478-F4AB-4762-86E9-B4860B9A97DD}"
EndProject
Global
	GlobalSection(SolutionConfigurationPlatforms) = preSolution
		Debug|Any CPU = Debug|Any CPU
		Release|Any CPU = Release|Any CPU
	EndGlobalSection
	GlobalSection(ProjectConfigurationPlatforms) = postSolution
		{A0E91478-F4AB-4762-86E9-B4860B9A97DD}.Debug|Any CPU.ActiveCfg = Debug|Any CPU
		{A0E91478-F4AB-4762-86E9-B4860B9A97DD}.Debug|Any CPU.Build.0 = Debug|Any CPU
		{A0E91478-F4AB-4762-86E9-B4860B9A97DD}.Release|Any CPU.ActiveCfg = Release|Any CPU
		{A0E91478-F4AB-4762-86E9-B4860B9A97DD}.Release|Any CPU.Build.0 = Release|Any CPU
	EndGlobalSection
	GlobalSection(SolutionProperties) = preSolution
		HideSolutionNode = FALSE
	EndGlobalSection
	GlobalSection(ExtensibilityGlobals) = postSolution
		SolutionGuid = {66A11CFB-725F-4643-8A2B-970ECB050D16}
	EndGlobalSection
EndGlobal
